// !$*UTF8*$!
{
	archiveVersion = 1;
	classes = {
	};
	objectVersion = 56;
	objects = {

/* Begin PBXBuildFile section */
		C263F5F02ADB1C1C001E102D /* AppDelegate.swift in Sources */ = {isa = PBXBuildFile; fileRef = C263F5EF2ADB1C1C001E102D /* AppDelegate.swift */; };
		C263F5F22ADB1C1C001E102D /* SceneDelegate.swift in Sources */ = {isa = PBXBuildFile; fileRef = C263F5F12ADB1C1C001E102D /* SceneDelegate.swift */; };
		C263F5F72ADB1C1C001E102D /* Main.storyboard in Resources */ = {isa = PBXBuildFile; fileRef = C263F5F52ADB1C1C001E102D /* Main.storyboard */; };
		C263F5FA2ADB1C1C001E102D /* Posts_CRUD.xcdatamodeld in Sources */ = {isa = PBXBuildFile; fileRef = C263F5F82ADB1C1C001E102D /* Posts_CRUD.xcdatamodeld */; };
		C263F5FC2ADB1C1F001E102D /* Assets.xcassets in Resources */ = {isa = PBXBuildFile; fileRef = C263F5FB2ADB1C1F001E102D /* Assets.xcassets */; };
		C263F5FF2ADB1C1F001E102D /* LaunchScreen.storyboard in Resources */ = {isa = PBXBuildFile; fileRef = C263F5FD2ADB1C1F001E102D /* LaunchScreen.storyboard */; };
		C263F60D2ADB1F0F001E102D /* PostsTableViewController.swift in Sources */ = {isa = PBXBuildFile; fileRef = C263F60C2ADB1F0F001E102D /* PostsTableViewController.swift */; };
		C263F60F2ADB20D9001E102D /* PostService.swift in Sources */ = {isa = PBXBuildFile; fileRef = C263F60E2ADB20D9001E102D /* PostService.swift */; };
		C263F6132ADB21D5001E102D /* PostModel.swift in Sources */ = {isa = PBXBuildFile; fileRef = C263F6122ADB21D5001E102D /* PostModel.swift */; };
		C263F6182ADB2B91001E102D /* AppConstants.swift in Sources */ = {isa = PBXBuildFile; fileRef = C263F6172ADB2B91001E102D /* AppConstants.swift */; };
		C263F61B2ADB33BA001E102D /* Post+CoreDataClass.swift in Sources */ = {isa = PBXBuildFile; fileRef = C263F61A2ADB33BA001E102D /* Post+CoreDataClass.swift */; };
		C263F61D2ADB3455001E102D /* Post+CoreDataProperties.swift in Sources */ = {isa = PBXBuildFile; fileRef = C263F61C2ADB3455001E102D /* Post+CoreDataProperties.swift */; };
		C263F6212ADB3945001E102D /* PostDataManager.swift in Sources */ = {isa = PBXBuildFile; fileRef = C263F6202ADB3945001E102D /* PostDataManager.swift */; };
/* End PBXBuildFile section */

/* Begin PBXFileReference section */
		C263F5EC2ADB1C1C001E102D /* Posts CRUD.app */ = {isa = PBXFileReference; explicitFileType = wrapper.application; includeInIndex = 0; path = "Posts CRUD.app"; sourceTree = BUILT_PRODUCTS_DIR; };
		C263F5EF2ADB1C1C001E102D /* AppDelegate.swift */ = {isa = PBXFileReference; lastKnownFileType = sourcecode.swift; path = AppDelegate.swift; sourceTree = "<group>"; };
		C263F5F12ADB1C1C001E102D /* SceneDelegate.swift */ = {isa = PBXFileReference; lastKnownFileType = sourcecode.swift; path = SceneDelegate.swift; sourceTree = "<group>"; };
		C263F5F62ADB1C1C001E102D /* Base */ = {isa = PBXFileReference; lastKnownFileType = file.storyboard; name = Base; path = Base.lproj/Main.storyboard; sourceTree = "<group>"; };
		C263F5F92ADB1C1C001E102D /* Posts_CRUD.xcdatamodel */ = {isa = PBXFileReference; lastKnownFileType = wrapper.xcdatamodel; path = Posts_CRUD.xcdatamodel; sourceTree = "<group>"; };
		C263F5FB2ADB1C1F001E102D /* Assets.xcassets */ = {isa = PBXFileReference; lastKnownFileType = folder.assetcatalog; path = Assets.xcassets; sourceTree = "<group>"; };
		C263F5FE2ADB1C1F001E102D /* Base */ = {isa = PBXFileReference; lastKnownFileType = file.storyboard; name = Base; path = Base.lproj/LaunchScreen.storyboard; sourceTree = "<group>"; };
		C263F6002ADB1C1F001E102D /* Info.plist */ = {isa = PBXFileReference; lastKnownFileType = text.plist.xml; path = Info.plist; sourceTree = "<group>"; };
		C263F60C2ADB1F0F001E102D /* PostsTableViewController.swift */ = {isa = PBXFileReference; lastKnownFileType = sourcecode.swift; path = PostsTableViewController.swift; sourceTree = "<group>"; };
		C263F60E2ADB20D9001E102D /* PostService.swift */ = {isa = PBXFileReference; lastKnownFileType = sourcecode.swift; path = PostService.swift; sourceTree = "<group>"; };
		C263F6122ADB21D5001E102D /* PostModel.swift */ = {isa = PBXFileReference; lastKnownFileType = sourcecode.swift; path = PostModel.swift; sourceTree = "<group>"; };
		C263F6172ADB2B91001E102D /* AppConstants.swift */ = {isa = PBXFileReference; lastKnownFileType = sourcecode.swift; path = AppConstants.swift; sourceTree = "<group>"; };
		C263F61A2ADB33BA001E102D /* Post+CoreDataClass.swift */ = {isa = PBXFileReference; lastKnownFileType = sourcecode.swift; path = "Post+CoreDataClass.swift"; sourceTree = "<group>"; };
		C263F61C2ADB3455001E102D /* Post+CoreDataProperties.swift */ = {isa = PBXFileReference; lastKnownFileType = sourcecode.swift; path = "Post+CoreDataProperties.swift"; sourceTree = "<group>"; };
		C263F6202ADB3945001E102D /* PostDataManager.swift */ = {isa = PBXFileReference; lastKnownFileType = sourcecode.swift; path = PostDataManager.swift; sourceTree = "<group>"; };
/* End PBXFileReference section */

/* Begin PBXFrameworksBuildPhase section */
		C263F5E92ADB1C1C001E102D /* Frameworks */ = {
			isa = PBXFrameworksBuildPhase;
			buildActionMask = 2147483647;
			files = (
			);
			runOnlyForDeploymentPostprocessing = 0;
		};
/* End PBXFrameworksBuildPhase section */

/* Begin PBXGroup section */
		C263F5E32ADB1C1C001E102D = {
			isa = PBXGroup;
			children = (
				C263F5EE2ADB1C1C001E102D /* Posts CRUD */,
				C263F5ED2ADB1C1C001E102D /* Products */,
			);
			sourceTree = "<group>";
		};
		C263F5ED2ADB1C1C001E102D /* Products */ = {
			isa = PBXGroup;
			children = (
				C263F5EC2ADB1C1C001E102D /* Posts CRUD.app */,
			);
			name = Products;
			sourceTree = "<group>";
		};
		C263F5EE2ADB1C1C001E102D /* Posts CRUD */ = {
			isa = PBXGroup;
			children = (
				C263F6082ADB1C4A001E102D /* Controllers */,
				C263F6072ADB1C43001E102D /* Repository */,
				C263F6062ADB1C2F001E102D /* Util */,
				C263F6092ADB1C61001E102D /* Views */,
				C263F5EF2ADB1C1C001E102D /* AppDelegate.swift */,
				C263F5F12ADB1C1C001E102D /* SceneDelegate.swift */,
				C263F5FB2ADB1C1F001E102D /* Assets.xcassets */,
				C263F6002ADB1C1F001E102D /* Info.plist */,
				C263F5F82ADB1C1C001E102D /* Posts_CRUD.xcdatamodeld */,
			);
			path = "Posts CRUD";
			sourceTree = "<group>";
		};
		C263F6062ADB1C2F001E102D /* Util */ = {
			isa = PBXGroup;
			children = (
				C263F6172ADB2B91001E102D /* AppConstants.swift */,
			);
			path = Util;
			sourceTree = "<group>";
		};
		C263F6072ADB1C43001E102D /* Repository */ = {
			isa = PBXGroup;
			children = (
				C263F61F2ADB3730001E102D /* LocalStorage */,
				C263F61E2ADB3709001E102D /* Remote */,
			);
			path = Repository;
			sourceTree = "<group>";
		};
		C263F6082ADB1C4A001E102D /* Controllers */ = {
			isa = PBXGroup;
			children = (
				C263F60C2ADB1F0F001E102D /* PostsTableViewController.swift */,
			);
			path = Controllers;
			sourceTree = "<group>";
		};
		C263F6092ADB1C61001E102D /* Views */ = {
			isa = PBXGroup;
			children = (
				C263F5F52ADB1C1C001E102D /* Main.storyboard */,
				C263F5FD2ADB1C1F001E102D /* LaunchScreen.storyboard */,
			);
			path = Views;
			sourceTree = "<group>";
		};
		C263F6102ADB2105001E102D /* Models */ = {
			isa = PBXGroup;
			children = (
				C263F6122ADB21D5001E102D /* PostModel.swift */,
			);
			path = Models;
			sourceTree = "<group>";
		};
		C263F6192ADB336A001E102D /* CoreData */ = {
			isa = PBXGroup;
			children = (
				C263F61A2ADB33BA001E102D /* Post+CoreDataClass.swift */,
				C263F61C2ADB3455001E102D /* Post+CoreDataProperties.swift */,
			);
			path = CoreData;
			sourceTree = "<group>";
		};
		C263F61E2ADB3709001E102D /* Remote */ = {
			isa = PBXGroup;
			children = (
				C263F6102ADB2105001E102D /* Models */,
				C263F60E2ADB20D9001E102D /* PostService.swift */,
			);
			path = Remote;
			sourceTree = "<group>";
		};
		C263F61F2ADB3730001E102D /* LocalStorage */ = {
			isa = PBXGroup;
			children = (
				C263F6192ADB336A001E102D /* CoreData */,
				C263F6202ADB3945001E102D /* PostDataManager.swift */,
			);
			path = LocalStorage;
			sourceTree = "<group>";
		};
/* End PBXGroup section */

/* Begin PBXNativeTarget section */
		C263F5EB2ADB1C1C001E102D /* Posts CRUD */ = {
			isa = PBXNativeTarget;
			buildConfigurationList = C263F6032ADB1C1F001E102D /* Build configuration list for PBXNativeTarget "Posts CRUD" */;
			buildPhases = (
				C263F5E82ADB1C1C001E102D /* Sources */,
				C263F5E92ADB1C1C001E102D /* Frameworks */,
				C263F5EA2ADB1C1C001E102D /* Resources */,
			);
			buildRules = (
			);
			dependencies = (
			);
			name = "Posts CRUD";
			productName = "Posts CRUD";
			productReference = C263F5EC2ADB1C1C001E102D /* Posts CRUD.app */;
			productType = "com.apple.product-type.application";
		};
/* End PBXNativeTarget section */

/* Begin PBXProject section */
		C263F5E42ADB1C1C001E102D /* Project object */ = {
			isa = PBXProject;
			attributes = {
				BuildIndependentTargetsInParallel = 1;
				LastSwiftUpdateCheck = 1420;
				LastUpgradeCheck = 1420;
				TargetAttributes = {
					C263F5EB2ADB1C1C001E102D = {
						CreatedOnToolsVersion = 14.2;
					};
				};
			};
			buildConfigurationList = C263F5E72ADB1C1C001E102D /* Build configuration list for PBXProject "Posts CRUD" */;
			compatibilityVersion = "Xcode 14.0";
			developmentRegion = en;
			hasScannedForEncodings = 0;
			knownRegions = (
				en,
				Base,
			);
			mainGroup = C263F5E32ADB1C1C001E102D;
			productRefGroup = C263F5ED2ADB1C1C001E102D /* Products */;
			projectDirPath = "";
			projectRoot = "";
			targets = (
				C263F5EB2ADB1C1C001E102D /* Posts CRUD */,
			);
		};
/* End PBXProject section */

/* Begin PBXResourcesBuildPhase section */
		C263F5EA2ADB1C1C001E102D /* Resources */ = {
			isa = PBXResourcesBuildPhase;
			buildActionMask = 2147483647;
			files = (
				C263F5FF2ADB1C1F001E102D /* LaunchScreen.storyboard in Resources */,
				C263F5FC2ADB1C1F001E102D /* Assets.xcassets in Resources */,
				C263F5F72ADB1C1C001E102D /* Main.storyboard in Resources */,
			);
			runOnlyForDeploymentPostprocessing = 0;
		};
/* End PBXResourcesBuildPhase section */

/* Begin PBXSourcesBuildPhase section */
		C263F5E82ADB1C1C001E102D /* Sources */ = {
			isa = PBXSourcesBuildPhase;
			buildActionMask = 2147483647;
			files = (
				C263F60F2ADB20D9001E102D /* PostService.swift in Sources */,
				C263F5FA2ADB1C1C001E102D /* Posts_CRUD.xcdatamodeld in Sources */,
				C263F61D2ADB3455001E102D /* Post+CoreDataProperties.swift in Sources */,
				C263F6182ADB2B91001E102D /* AppConstants.swift in Sources */,
				C263F60D2ADB1F0F001E102D /* PostsTableViewController.swift in Sources */,
				C263F5F02ADB1C1C001E102D /* AppDelegate.swift in Sources */,
				C263F61B2ADB33BA001E102D /* Post+CoreDataClass.swift in Sources */,
				C263F6132ADB21D5001E102D /* PostModel.swift in Sources */,
				C263F5F22ADB1C1C001E102D /* SceneDelegate.swift in Sources */,
				C263F6212ADB3945001E102D /* PostDataManager.swift in Sources */,
			);
			runOnlyForDeploymentPostprocessing = 0;
		};
/* End PBXSourcesBuildPhase section */

/* Begin PBXVariantGroup section */
		C263F5F52ADB1C1C001E102D /* Main.storyboard */ = {
			isa = PBXVariantGroup;
			children = (
				C263F5F62ADB1C1C001E102D /* Base */,
			);
			name = Main.storyboard;
			sourceTree = "<group>";
		};
		C263F5FD2ADB1C1F001E102D /* LaunchScreen.storyboard */ = {
			isa = PBXVariantGroup;
			children = (
				C263F5FE2ADB1C1F001E102D /* Base */,
			);
			name = LaunchScreen.storyboard;
			sourceTree = "<group>";
		};
/* End PBXVariantGroup section */

/* Begin XCBuildConfiguration section */
		C263F6012ADB1C1F001E102D /* Debug */ = {
			isa = XCBuildConfiguration;
			buildSettings = {
				ALWAYS_SEARCH_USER_PATHS = NO;
				CLANG_ANALYZER_NONNULL = YES;
				CLANG_ANALYZER_NUMBER_OBJECT_CONVERSION = YES_AGGRESSIVE;
				CLANG_CXX_LANGUAGE_STANDARD = "gnu++20";
				CLANG_ENABLE_MODULES = YES;
				CLANG_ENABLE_OBJC_ARC = YES;
				CLANG_ENABLE_OBJC_WEAK = YES;
				CLANG_WARN_BLOCK_CAPTURE_AUTORELEASING = YES;
				CLANG_WARN_BOOL_CONVERSION = YES;
				CLANG_WARN_COMMA = YES;
				CLANG_WARN_CONSTANT_CONVERSION = YES;
				CLANG_WARN_DEPRECATED_OBJC_IMPLEMENTATIONS = YES;
				CLANG_WARN_DIRECT_OBJC_ISA_USAGE = YES_ERROR;
				CLANG_WARN_DOCUMENTATION_COMMENTS = YES;
				CLANG_WARN_EMPTY_BODY = YES;
				CLANG_WARN_ENUM_CONVERSION = YES;
				CLANG_WARN_INFINITE_RECURSION = YES;
				CLANG_WARN_INT_CONVERSION = YES;
				CLANG_WARN_NON_LITERAL_NULL_CONVERSION = YES;
				CLANG_WARN_OBJC_IMPLICIT_RETAIN_SELF = YES;
				CLANG_WARN_OBJC_LITERAL_CONVERSION = YES;
				CLANG_WARN_OBJC_ROOT_CLASS = YES_ERROR;
				CLANG_WARN_QUOTED_INCLUDE_IN_FRAMEWORK_HEADER = YES;
				CLANG_WARN_RANGE_LOOP_ANALYSIS = YES;
				CLANG_WARN_STRICT_PROTOTYPES = YES;
				CLANG_WARN_SUSPICIOUS_MOVE = YES;
				CLANG_WARN_UNGUARDED_AVAILABILITY = YES_AGGRESSIVE;
				CLANG_WARN_UNREACHABLE_CODE = YES;
				CLANG_WARN__DUPLICATE_METHOD_MATCH = YES;
				COPY_PHASE_STRIP = NO;
				DEBUG_INFORMATION_FORMAT = dwarf;
				ENABLE_STRICT_OBJC_MSGSEND = YES;
				ENABLE_TESTABILITY = YES;
				GCC_C_LANGUAGE_STANDARD = gnu11;
				GCC_DYNAMIC_NO_PIC = NO;
				GCC_NO_COMMON_BLOCKS = YES;
				GCC_OPTIMIZATION_LEVEL = 0;
				GCC_PREPROCESSOR_DEFINITIONS = (
					"DEBUG=1",
					"$(inherited)",
				);
				GCC_WARN_64_TO_32_BIT_CONVERSION = YES;
				GCC_WARN_ABOUT_RETURN_TYPE = YES_ERROR;
				GCC_WARN_UNDECLARED_SELECTOR = YES;
				GCC_WARN_UNINITIALIZED_AUTOS = YES_AGGRESSIVE;
				GCC_WARN_UNUSED_FUNCTION = YES;
				GCC_WARN_UNUSED_VARIABLE = YES;
				IPHONEOS_DEPLOYMENT_TARGET = 16.2;
				MTL_ENABLE_DEBUG_INFO = INCLUDE_SOURCE;
				MTL_FAST_MATH = YES;
				ONLY_ACTIVE_ARCH = YES;
				SDKROOT = iphoneos;
				SWIFT_ACTIVE_COMPILATION_CONDITIONS = DEBUG;
				SWIFT_OPTIMIZATION_LEVEL = "-Onone";
			};
			name = Debug;
		};
		C263F6022ADB1C1F001E102D /* Release */ = {
			isa = XCBuildConfiguration;
			buildSettings = {
				ALWAYS_SEARCH_USER_PATHS = NO;
				CLANG_ANALYZER_NONNULL = YES;
				CLANG_ANALYZER_NUMBER_OBJECT_CONVERSION = YES_AGGRESSIVE;
				CLANG_CXX_LANGUAGE_STANDARD = "gnu++20";
				CLANG_ENABLE_MODULES = YES;
				CLANG_ENABLE_OBJC_ARC = YES;
				CLANG_ENABLE_OBJC_WEAK = YES;
				CLANG_WARN_BLOCK_CAPTURE_AUTORELEASING = YES;
				CLANG_WARN_BOOL_CONVERSION = YES;
				CLANG_WARN_COMMA = YES;
				CLANG_WARN_CONSTANT_CONVERSION = YES;
				CLANG_WARN_DEPRECATED_OBJC_IMPLEMENTATIONS = YES;
				CLANG_WARN_DIRECT_OBJC_ISA_USAGE = YES_ERROR;
				CLANG_WARN_DOCUMENTATION_COMMENTS = YES;
				CLANG_WARN_EMPTY_BODY = YES;
				CLANG_WARN_ENUM_CONVERSION = YES;
				CLANG_WARN_INFINITE_RECURSION = YES;
				CLANG_WARN_INT_CONVERSION = YES;
				CLANG_WARN_NON_LITERAL_NULL_CONVERSION = YES;
				CLANG_WARN_OBJC_IMPLICIT_RETAIN_SELF = YES;
				CLANG_WARN_OBJC_LITERAL_CONVERSION = YES;
				CLANG_WARN_OBJC_ROOT_CLASS = YES_ERROR;
				CLANG_WARN_QUOTED_INCLUDE_IN_FRAMEWORK_HEADER = YES;
				CLANG_WARN_RANGE_LOOP_ANALYSIS = YES;
				CLANG_WARN_STRICT_PROTOTYPES = YES;
				CLANG_WARN_SUSPICIOUS_MOVE = YES;
				CLANG_WARN_UNGUARDED_AVAILABILITY = YES_AGGRESSIVE;
				CLANG_WARN_UNREACHABLE_CODE = YES;
				CLANG_WARN__DUPLICATE_METHOD_MATCH = YES;
				COPY_PHASE_STRIP = NO;
				DEBUG_INFORMATION_FORMAT = "dwarf-with-dsym";
				ENABLE_NS_ASSERTIONS = NO;
				ENABLE_STRICT_OBJC_MSGSEND = YES;
				GCC_C_LANGUAGE_STANDARD = gnu11;
				GCC_NO_COMMON_BLOCKS = YES;
				GCC_WARN_64_TO_32_BIT_CONVERSION = YES;
				GCC_WARN_ABOUT_RETURN_TYPE = YES_ERROR;
				GCC_WARN_UNDECLARED_SELECTOR = YES;
				GCC_WARN_UNINITIALIZED_AUTOS = YES_AGGRESSIVE;
				GCC_WARN_UNUSED_FUNCTION = YES;
				GCC_WARN_UNUSED_VARIABLE = YES;
				IPHONEOS_DEPLOYMENT_TARGET = 16.2;
				MTL_ENABLE_DEBUG_INFO = NO;
				MTL_FAST_MATH = YES;
				SDKROOT = iphoneos;
				SWIFT_COMPILATION_MODE = wholemodule;
				SWIFT_OPTIMIZATION_LEVEL = "-O";
				VALIDATE_PRODUCT = YES;
			};
			name = Release;
		};
		C263F6042ADB1C1F001E102D /* Debug */ = {
			isa = XCBuildConfiguration;
			buildSettings = {
				ASSETCATALOG_COMPILER_APPICON_NAME = AppIcon;
				ASSETCATALOG_COMPILER_GLOBAL_ACCENT_COLOR_NAME = AccentColor;
				CODE_SIGN_STYLE = Automatic;
				CURRENT_PROJECT_VERSION = 1;
				DEVELOPMENT_TEAM = AAMLMY9566;
				GENERATE_INFOPLIST_FILE = YES;
				INFOPLIST_FILE = "Posts CRUD/Info.plist";
				INFOPLIST_KEY_UIApplicationSupportsIndirectInputEvents = YES;
				INFOPLIST_KEY_UILaunchStoryboardName = LaunchScreen;
				INFOPLIST_KEY_UIMainStoryboardFile = Main;
				INFOPLIST_KEY_UISupportedInterfaceOrientations_iPad = "UIInterfaceOrientationPortrait UIInterfaceOrientationPortraitUpsideDown UIInterfaceOrientationLandscapeLeft UIInterfaceOrientationLandscapeRight";
				INFOPLIST_KEY_UISupportedInterfaceOrientations_iPhone = "UIInterfaceOrientationPortrait UIInterfaceOrientationLandscapeLeft UIInterfaceOrientationLandscapeRight";
				LD_RUNPATH_SEARCH_PATHS = (
					"$(inherited)",
					"@executable_path/Frameworks",
				);
				MARKETING_VERSION = 1.0;
				PRODUCT_BUNDLE_IDENTIFIER = "dadm10.cmzr.Posts-CRUD";
				PRODUCT_NAME = "$(TARGET_NAME)";
				SWIFT_EMIT_LOC_STRINGS = YES;
				SWIFT_VERSION = 5.0;
				TARGETED_DEVICE_FAMILY = "1,2";
			};
			name = Debug;
		};
		C263F6052ADB1C1F001E102D /* Release */ = {
			isa = XCBuildConfiguration;
			buildSettings = {
				ASSETCATALOG_COMPILER_APPICON_NAME = AppIcon;
				ASSETCATALOG_COMPILER_GLOBAL_ACCENT_COLOR_NAME = AccentColor;
				CODE_SIGN_STYLE = Automatic;
				CURRENT_PROJECT_VERSION = 1;
				DEVELOPMENT_TEAM = AAMLMY9566;
				GENERATE_INFOPLIST_FILE = YES;
				INFOPLIST_FILE = "Posts CRUD/Info.plist";
				INFOPLIST_KEY_UIApplicationSupportsIndirectInputEvents = YES;
				INFOPLIST_KEY_UILaunchStoryboardName = LaunchScreen;
				INFOPLIST_KEY_UIMainStoryboardFile = Main;
				INFOPLIST_KEY_UISupportedInterfaceOrientations_iPad = "UIInterfaceOrientationPortrait UIInterfaceOrientationPortraitUpsideDown UIInterfaceOrientationLandscapeLeft UIInterfaceOrientationLandscapeRight";
				INFOPLIST_KEY_UISupportedInterfaceOrientations_iPhone = "UIInterfaceOrientationPortrait UIInterfaceOrientationLandscapeLeft UIInterfaceOrientationLandscapeRight";
				LD_RUNPATH_SEARCH_PATHS = (
					"$(inherited)",
					"@executable_path/Frameworks",
				);
				MARKETING_VERSION = 1.0;
				PRODUCT_BUNDLE_IDENTIFIER = "dadm10.cmzr.Posts-CRUD";
				PRODUCT_NAME = "$(TARGET_NAME)";
				SWIFT_EMIT_LOC_STRINGS = YES;
				SWIFT_VERSION = 5.0;
				TARGETED_DEVICE_FAMILY = "1,2";
			};
			name = Release;
		};
/* End XCBuildConfiguration section */

/* Begin XCConfigurationList section */
		C263F5E72ADB1C1C001E102D /* Build configuration list for PBXProject "Posts CRUD" */ = {
			isa = XCConfigurationList;
			buildConfigurations = (
				C263F6012ADB1C1F001E102D /* Debug */,
				C263F6022ADB1C1F001E102D /* Release */,
			);
			defaultConfigurationIsVisible = 0;
			defaultConfigurationName = Release;
		};
		C263F6032ADB1C1F001E102D /* Build configuration list for PBXNativeTarget "Posts CRUD" */ = {
			isa = XCConfigurationList;
			buildConfigurations = (
				C263F6042ADB1C1F001E102D /* Debug */,
				C263F6052ADB1C1F001E102D /* Release */,
			);
			defaultConfigurationIsVisible = 0;
			defaultConfigurationName = Release;
		};
/* End XCConfigurationList section */

/* Begin XCVersionGroup section */
		C263F5F82ADB1C1C001E102D /* Posts_CRUD.xcdatamodeld */ = {
			isa = XCVersionGroup;
			children = (
				C263F5F92ADB1C1C001E102D /* Posts_CRUD.xcdatamodel */,
			);
			currentVersion = C263F5F92ADB1C1C001E102D /* Posts_CRUD.xcdatamodel */;
			path = Posts_CRUD.xcdatamodeld;
			sourceTree = "<group>";
			versionGroupType = wrapper.xcdatamodel;
		};
/* End XCVersionGroup section */
	};
	rootObject = C263F5E42ADB1C1C001E102D /* Project object */;
}
